
Microsoft Visual Studio Solution File, Format Version 11.00
# Visual Studio 2010
Project("{8BC9CEB8-8B4A-11D0-8D11-00A0C91BC942}") = "AutoUpdate", "AutoUpdate\AutoUpdate.vcxproj", "{6AB05F14-70C2-49CE-A47C-48BC41A27DBE}"
EndProject
Global
	GlobalSection(SolutionConfigurationPlatforms) = preSolution
		Debug|Win32 = Debug|Win32
		Release|Win32 = Release|Win32
	EndGlobalSection
	GlobalSection(ProjectConfigurationPlatforms) = postSolution
		{6AB05F14-70C2-49CE-A47C-48BC41A27DBE}.Debug|Win32.ActiveCfg = Debug|Win32
		{6AB05F14-70C2-49CE-A47C-48BC41A27DBE}.Debug|Win32.Build.0 = Debug|Win32
		{6AB05F14-70C2-49CE-A47C-48BC41A27DBE}.Release|Win32.ActiveCfg = Release|Win32
		{6AB05F14-70C2-49CE-A47C-48BC41A27DBE}.Release|Win32.Build.0 = Release|Win32
	EndGlobalSection
	GlobalSection(SolutionProperties) = preSolution
		HideSolutionNode = FALSE
	EndGlobalSection
EndGlobal
