
Microsoft Visual Studio Solution File, Format Version 11.00
# Visual Studio 2010
Project("{FAE04EC0-301F-11D3-BF4B-00C04F79EFBC}") = "ConsoleApplication26", "ConsoleApplication26\ConsoleApplication26.csproj", "{B38B25B1-6DB3-4A16-8FAF-ED16B1074CFE}"
EndProject
Global
	GlobalSection(SolutionConfigurationPlatforms) = preSolution
		Debug|x86 = Debug|x86
		Release|x86 = Release|x86
	EndGlobalSection
	GlobalSection(ProjectConfigurationPlatforms) = postSolution
		{B38B25B1-6DB3-4A16-8FAF-ED16B1074CFE}.Debug|x86.ActiveCfg = Debug|x86
		{B38B25B1-6DB3-4A16-8FAF-ED16B1074CFE}.Debug|x86.Build.0 = Debug|x86
		{B38B25B1-6DB3-4A16-8FAF-ED16B1074CFE}.Release|x86.ActiveCfg = Release|x86
		{B38B25B1-6DB3-4A16-8FAF-ED16B1074CFE}.Release|x86.Build.0 = Release|x86
	EndGlobalSection
	GlobalSection(SolutionProperties) = preSolution
		HideSolutionNode = FALSE
	EndGlobalSection
EndGlobal
