
Microsoft Visual Studio Solution File, Format Version 12.00
# Visual Studio 2012
Project("{FAE04EC0-301F-11D3-BF4B-00C04F79EFBC}") = "TransactionServerTester", "TransactionServerTester.csproj", "{9E6F363A-9BBA-47AC-9C4E-FC9ABACABE46}"
EndProject
Project("{F2A71F9B-5D33-465A-A702-920D77279786}") = "TransactionServerTest", "..\TransactionServerTest\TransactionServerTest.fsproj", "{DB012AD2-7704-4E58-B1F7-240FBED7FA3F}"
EndProject
Project("{F2A71F9B-5D33-465A-A702-920D77279786}") = "TransactionTestHelper", "TransactionTestHelper\TransactionTestHelper.fsproj", "{441854EE-6016-4E6A-AD6D-91F0D03E084E}"
EndProject
Project("{FAE04EC0-301F-11D3-BF4B-00C04F79EFBC}") = "DiscoveryServer", "..\DiscoveryServer\DiscoveryServer.csproj", "{3844C15B-47D5-4148-9C1C-2873E836CE5D}"
EndProject
Project("{FAE04EC0-301F-11D3-BF4B-00C04F79EFBC}") = "DiscoveryClient", "DiscoveryClient\DiscoveryClient.csproj", "{C5864095-3091-4A7F-89EF-D2730D216471}"
EndProject
Global
	GlobalSection(SolutionConfigurationPlatforms) = preSolution
		Debug|Any CPU = Debug|Any CPU
		Release|Any CPU = Release|Any CPU
	EndGlobalSection
	GlobalSection(ProjectConfigurationPlatforms) = postSolution
		{9E6F363A-9BBA-47AC-9C4E-FC9ABACABE46}.Debug|Any CPU.ActiveCfg = Debug|Any CPU
		{9E6F363A-9BBA-47AC-9C4E-FC9ABACABE46}.Debug|Any CPU.Build.0 = Debug|Any CPU
		{9E6F363A-9BBA-47AC-9C4E-FC9ABACABE46}.Release|Any CPU.ActiveCfg = Release|Any CPU
		{9E6F363A-9BBA-47AC-9C4E-FC9ABACABE46}.Release|Any CPU.Build.0 = Release|Any CPU
		{DB012AD2-7704-4E58-B1F7-240FBED7FA3F}.Debug|Any CPU.ActiveCfg = Debug|Any CPU
		{DB012AD2-7704-4E58-B1F7-240FBED7FA3F}.Debug|Any CPU.Build.0 = Debug|Any CPU
		{DB012AD2-7704-4E58-B1F7-240FBED7FA3F}.Release|Any CPU.ActiveCfg = Release|Any CPU
		{DB012AD2-7704-4E58-B1F7-240FBED7FA3F}.Release|Any CPU.Build.0 = Release|Any CPU
		{441854EE-6016-4E6A-AD6D-91F0D03E084E}.Debug|Any CPU.ActiveCfg = Debug|Any CPU
		{441854EE-6016-4E6A-AD6D-91F0D03E084E}.Debug|Any CPU.Build.0 = Debug|Any CPU
		{441854EE-6016-4E6A-AD6D-91F0D03E084E}.Release|Any CPU.ActiveCfg = Release|Any CPU
		{441854EE-6016-4E6A-AD6D-91F0D03E084E}.Release|Any CPU.Build.0 = Release|Any CPU
		{3844C15B-47D5-4148-9C1C-2873E836CE5D}.Debug|Any CPU.ActiveCfg = Debug|Any CPU
		{3844C15B-47D5-4148-9C1C-2873E836CE5D}.Debug|Any CPU.Build.0 = Debug|Any CPU
		{3844C15B-47D5-4148-9C1C-2873E836CE5D}.Release|Any CPU.ActiveCfg = Release|Any CPU
		{3844C15B-47D5-4148-9C1C-2873E836CE5D}.Release|Any CPU.Build.0 = Release|Any CPU
		{C5864095-3091-4A7F-89EF-D2730D216471}.Debug|Any CPU.ActiveCfg = Debug|Any CPU
		{C5864095-3091-4A7F-89EF-D2730D216471}.Debug|Any CPU.Build.0 = Debug|Any CPU
		{C5864095-3091-4A7F-89EF-D2730D216471}.Release|Any CPU.ActiveCfg = Release|Any CPU
		{C5864095-3091-4A7F-89EF-D2730D216471}.Release|Any CPU.Build.0 = Release|Any CPU
	EndGlobalSection
	GlobalSection(SolutionProperties) = preSolution
		HideSolutionNode = FALSE
	EndGlobalSection
EndGlobal
