
Microsoft Visual Studio Solution File, Format Version 11.00
# Visual Studio 2010
Project("{FAE04EC0-301F-11D3-BF4B-00C04F79EFBC}") = "RhinoMock.Test", "RhinoMock.Test\RhinoMock.Test.csproj", "{D2A1E622-D841-409B-A1C6-FF1749B7E502}"
EndProject
Project("{FAE04EC0-301F-11D3-BF4B-00C04F79EFBC}") = "Domain", "Domain\Domain.csproj", "{9EF913B4-DBDC-434F-915D-7523A2854726}"
EndProject
Global
	GlobalSection(SolutionConfigurationPlatforms) = preSolution
		Debug|Any CPU = Debug|Any CPU
		Release|Any CPU = Release|Any CPU
	EndGlobalSection
	GlobalSection(ProjectConfigurationPlatforms) = postSolution
		{D2A1E622-D841-409B-A1C6-FF1749B7E502}.Debug|Any CPU.ActiveCfg = Debug|Any CPU
		{D2A1E622-D841-409B-A1C6-FF1749B7E502}.Debug|Any CPU.Build.0 = Debug|Any CPU
		{D2A1E622-D841-409B-A1C6-FF1749B7E502}.Release|Any CPU.ActiveCfg = Release|Any CPU
		{D2A1E622-D841-409B-A1C6-FF1749B7E502}.Release|Any CPU.Build.0 = Release|Any CPU
		{9EF913B4-DBDC-434F-915D-7523A2854726}.Debug|Any CPU.ActiveCfg = Debug|Any CPU
		{9EF913B4-DBDC-434F-915D-7523A2854726}.Debug|Any CPU.Build.0 = Debug|Any CPU
		{9EF913B4-DBDC-434F-915D-7523A2854726}.Release|Any CPU.ActiveCfg = Release|Any CPU
		{9EF913B4-DBDC-434F-915D-7523A2854726}.Release|Any CPU.Build.0 = Release|Any CPU
	EndGlobalSection
	GlobalSection(SolutionProperties) = preSolution
		HideSolutionNode = FALSE
	EndGlobalSection
EndGlobal
