
Microsoft Visual Studio Solution File, Format Version 12.00
# Visual Studio 2012
Project("{F2A71F9B-5D33-465A-A702-920D77279786}") = "Core", "Core\Core.fsproj", "{50244153-25C1-4C3A-A64E-C2C54670ACED}"
EndProject
Project("{FAE04EC0-301F-11D3-BF4B-00C04F79EFBC}") = "Server", "Server\Server.csproj", "{7AFE7691-B1EB-4257-9352-EF363E0F6AAD}"
EndProject
Global
	GlobalSection(SolutionConfigurationPlatforms) = preSolution
		Debug|x86 = Debug|x86
		Release|x86 = Release|x86
	EndGlobalSection
	GlobalSection(ProjectConfigurationPlatforms) = postSolution
		{50244153-25C1-4C3A-A64E-C2C54670ACED}.Debug|x86.ActiveCfg = Debug|x86
		{50244153-25C1-4C3A-A64E-C2C54670ACED}.Debug|x86.Build.0 = Debug|x86
		{50244153-25C1-4C3A-A64E-C2C54670ACED}.Release|x86.ActiveCfg = Release|x86
		{50244153-25C1-4C3A-A64E-C2C54670ACED}.Release|x86.Build.0 = Release|x86
		{7AFE7691-B1EB-4257-9352-EF363E0F6AAD}.Debug|x86.ActiveCfg = Debug|x86
		{7AFE7691-B1EB-4257-9352-EF363E0F6AAD}.Debug|x86.Build.0 = Debug|x86
		{7AFE7691-B1EB-4257-9352-EF363E0F6AAD}.Release|x86.ActiveCfg = Release|x86
		{7AFE7691-B1EB-4257-9352-EF363E0F6AAD}.Release|x86.Build.0 = Release|x86
	EndGlobalSection
	GlobalSection(SolutionProperties) = preSolution
		HideSolutionNode = FALSE
	EndGlobalSection
EndGlobal
