
Microsoft Visual Studio Solution File, Format Version 11.00
# Visual Studio 2010
Project("{FAE04EC0-301F-11D3-BF4B-00C04F79EFBC}") = "SilverlightApplication1", "SilverlightApplication1\SilverlightApplication1.csproj", "{7FE6B32C-AF72-4ADF-81DB-CD4FBB0FEF56}"
EndProject
Project("{FAE04EC0-301F-11D3-BF4B-00C04F79EFBC}") = "SilverlightApplication1.Web", "SilverlightApplication1.Web\SilverlightApplication1.Web.csproj", "{44211EE2-FEEA-4071-B56D-C0A0CBACA9C1}"
EndProject
Global
	GlobalSection(SolutionConfigurationPlatforms) = preSolution
		Debug|Any CPU = Debug|Any CPU
		Release|Any CPU = Release|Any CPU
	EndGlobalSection
	GlobalSection(ProjectConfigurationPlatforms) = postSolution
		{7FE6B32C-AF72-4ADF-81DB-CD4FBB0FEF56}.Debug|Any CPU.ActiveCfg = Debug|Any CPU
		{7FE6B32C-AF72-4ADF-81DB-CD4FBB0FEF56}.Debug|Any CPU.Build.0 = Debug|Any CPU
		{7FE6B32C-AF72-4ADF-81DB-CD4FBB0FEF56}.Release|Any CPU.ActiveCfg = Release|Any CPU
		{7FE6B32C-AF72-4ADF-81DB-CD4FBB0FEF56}.Release|Any CPU.Build.0 = Release|Any CPU
		{44211EE2-FEEA-4071-B56D-C0A0CBACA9C1}.Debug|Any CPU.ActiveCfg = Debug|Any CPU
		{44211EE2-FEEA-4071-B56D-C0A0CBACA9C1}.Debug|Any CPU.Build.0 = Debug|Any CPU
		{44211EE2-FEEA-4071-B56D-C0A0CBACA9C1}.Release|Any CPU.ActiveCfg = Release|Any CPU
		{44211EE2-FEEA-4071-B56D-C0A0CBACA9C1}.Release|Any CPU.Build.0 = Release|Any CPU
	EndGlobalSection
	GlobalSection(SolutionProperties) = preSolution
		HideSolutionNode = FALSE
	EndGlobalSection
EndGlobal
