
Microsoft Visual Studio Solution File, Format Version 12.00
# Visual Studio 2012
Project("{F2A71F9B-5D33-465A-A702-920D77279786}") = "ConsoleApplication44", "ConsoleApplication44.fsproj", "{D42BDD27-7E15-41BC-BDD6-3BD0C645E298}"
EndProject
Global
	GlobalSection(SolutionConfigurationPlatforms) = preSolution
		Debug|Any CPU = Debug|Any CPU
		Release|Any CPU = Release|Any CPU
	EndGlobalSection
	GlobalSection(ProjectConfigurationPlatforms) = postSolution
		{D42BDD27-7E15-41BC-BDD6-3BD0C645E298}.Debug|Any CPU.ActiveCfg = Debug|Any CPU
		{D42BDD27-7E15-41BC-BDD6-3BD0C645E298}.Debug|Any CPU.Build.0 = Debug|Any CPU
		{D42BDD27-7E15-41BC-BDD6-3BD0C645E298}.Release|Any CPU.ActiveCfg = Release|Any CPU
		{D42BDD27-7E15-41BC-BDD6-3BD0C645E298}.Release|Any CPU.Build.0 = Release|Any CPU
	EndGlobalSection
	GlobalSection(SolutionProperties) = preSolution
		HideSolutionNode = FALSE
	EndGlobalSection
EndGlobal
