
Microsoft Visual Studio Solution File, Format Version 12.00
# Visual Studio 2012
Project("{FAE04EC0-301F-11D3-BF4B-00C04F79EFBC}") = "NetSourceCode45", "NetSourceCode45.csproj", "{C3ED3424-B2A6-40AD-8610-5B675552D310}"
EndProject
Global
	GlobalSection(SolutionConfigurationPlatforms) = preSolution
		Debug|Any CPU = Debug|Any CPU
		Release|Any CPU = Release|Any CPU
	EndGlobalSection
	GlobalSection(ProjectConfigurationPlatforms) = postSolution
		{C3ED3424-B2A6-40AD-8610-5B675552D310}.Debug|Any CPU.ActiveCfg = Debug|Any CPU
		{C3ED3424-B2A6-40AD-8610-5B675552D310}.Debug|Any CPU.Build.0 = Debug|Any CPU
		{C3ED3424-B2A6-40AD-8610-5B675552D310}.Release|Any CPU.ActiveCfg = Release|Any CPU
		{C3ED3424-B2A6-40AD-8610-5B675552D310}.Release|Any CPU.Build.0 = Release|Any CPU
	EndGlobalSection
	GlobalSection(SolutionProperties) = preSolution
		HideSolutionNode = FALSE
	EndGlobalSection
EndGlobal
