
Microsoft Visual Studio Solution File, Format Version 11.00
# Visual Studio 2010
Project("{FAE04EC0-301F-11D3-BF4B-00C04F79EFBC}") = "Wpf1", "Wpf1\Wpf1.csproj", "{615F28C0-50CA-4AFB-BAB3-1771F3DC8BEB}"
EndProject
Project("{F2A71F9B-5D33-465A-A702-920D77279786}") = "Library1", "..\..\fsharpProject\Library1\Library1.fsproj", "{FE301950-AC83-4E35-B10F-B7238FEAE8FC}"
EndProject
Global
	GlobalSection(SolutionConfigurationPlatforms) = preSolution
		Debug|Any CPU = Debug|Any CPU
		Debug|Mixed Platforms = Debug|Mixed Platforms
		Debug|x86 = Debug|x86
		Release|Any CPU = Release|Any CPU
		Release|Mixed Platforms = Release|Mixed Platforms
		Release|x86 = Release|x86
	EndGlobalSection
	GlobalSection(ProjectConfigurationPlatforms) = postSolution
		{615F28C0-50CA-4AFB-BAB3-1771F3DC8BEB}.Debug|Any CPU.ActiveCfg = Debug|x86
		{615F28C0-50CA-4AFB-BAB3-1771F3DC8BEB}.Debug|Mixed Platforms.ActiveCfg = Debug|x86
		{615F28C0-50CA-4AFB-BAB3-1771F3DC8BEB}.Debug|Mixed Platforms.Build.0 = Debug|x86
		{615F28C0-50CA-4AFB-BAB3-1771F3DC8BEB}.Debug|x86.ActiveCfg = Debug|x86
		{615F28C0-50CA-4AFB-BAB3-1771F3DC8BEB}.Debug|x86.Build.0 = Debug|x86
		{615F28C0-50CA-4AFB-BAB3-1771F3DC8BEB}.Release|Any CPU.ActiveCfg = Release|x86
		{615F28C0-50CA-4AFB-BAB3-1771F3DC8BEB}.Release|Mixed Platforms.ActiveCfg = Release|x86
		{615F28C0-50CA-4AFB-BAB3-1771F3DC8BEB}.Release|Mixed Platforms.Build.0 = Release|x86
		{615F28C0-50CA-4AFB-BAB3-1771F3DC8BEB}.Release|x86.ActiveCfg = Release|x86
		{615F28C0-50CA-4AFB-BAB3-1771F3DC8BEB}.Release|x86.Build.0 = Release|x86
		{FE301950-AC83-4E35-B10F-B7238FEAE8FC}.Debug|Any CPU.ActiveCfg = Debug|Any CPU
		{FE301950-AC83-4E35-B10F-B7238FEAE8FC}.Debug|Any CPU.Build.0 = Debug|Any CPU
		{FE301950-AC83-4E35-B10F-B7238FEAE8FC}.Debug|Mixed Platforms.ActiveCfg = Debug|Any CPU
		{FE301950-AC83-4E35-B10F-B7238FEAE8FC}.Debug|Mixed Platforms.Build.0 = Debug|Any CPU
		{FE301950-AC83-4E35-B10F-B7238FEAE8FC}.Debug|x86.ActiveCfg = Debug|Any CPU
		{FE301950-AC83-4E35-B10F-B7238FEAE8FC}.Release|Any CPU.ActiveCfg = Release|Any CPU
		{FE301950-AC83-4E35-B10F-B7238FEAE8FC}.Release|Any CPU.Build.0 = Release|Any CPU
		{FE301950-AC83-4E35-B10F-B7238FEAE8FC}.Release|Mixed Platforms.ActiveCfg = Release|Any CPU
		{FE301950-AC83-4E35-B10F-B7238FEAE8FC}.Release|Mixed Platforms.Build.0 = Release|Any CPU
		{FE301950-AC83-4E35-B10F-B7238FEAE8FC}.Release|x86.ActiveCfg = Release|Any CPU
	EndGlobalSection
	GlobalSection(SolutionProperties) = preSolution
		HideSolutionNode = FALSE
	EndGlobalSection
EndGlobal
